
Microsoft Visual Studio Solution File, Format Version 12.00
# Visual Studio Version 16
VisualStudioVersion = 16.0.31702.278
MinimumVisualStudioVersion = 10.0.40219.1
Project("{FAE04EC0-301F-11D3-BF4B-00C04F79EFBC}") = "BibleQuiz", "BibleQuiz\BibleQuiz.csproj", "{69F2E81B-818B-48C1-B559-1E834B50988D}"
EndProject
Global
	GlobalSection(SolutionConfigurationPlatforms) = preSolution
		Debug|Any CPU = Debug|Any CPU
		Release|Any CPU = Release|Any CPU
	EndGlobalSection
	GlobalSection(ProjectConfigurationPlatforms) = postSolution
		{69F2E81B-818B-48C1-B559-1E834B50988D}.Debug|Any CPU.ActiveCfg = Debug|Any CPU
		{69F2E81B-818B-48C1-B559-1E834B50988D}.Debug|Any CPU.Build.0 = Debug|Any CPU
		{69F2E81B-818B-48C1-B559-1E834B50988D}.Release|Any CPU.ActiveCfg = Release|Any CPU
		{69F2E81B-818B-48C1-B559-1E834B50988D}.Release|Any CPU.Build.0 = Release|Any CPU
	EndGlobalSection
	GlobalSection(SolutionProperties) = preSolution
		HideSolutionNode = FALSE
	EndGlobalSection
	GlobalSection(ExtensibilityGlobals) = postSolution
		SolutionGuid = {CF448165-1F2C-498B-93BD-0E60EBE28753}
	EndGlobalSection
EndGlobal
